
Microsoft Visual Studio Solution File, Format Version 12.00
# Visual Studio Version 16
VisualStudioVersion = 16.0.30204.135
MinimumVisualStudioVersion = 10.0.40219.1
Project("{FAE04EC0-301F-11D3-BF4B-00C04F79EFBC}") = "heightmap", "heightmap\heightmap.csproj", "{92FA9C2D-EA6E-4B4C-9BAD-31B8FF322E07}"
EndProject
Global
	GlobalSection(SolutionConfigurationPlatforms) = preSolution
		Debug|Any CPU = Debug|Any CPU
		Release|Any CPU = Release|Any CPU
	EndGlobalSection
	GlobalSection(ProjectConfigurationPlatforms) = postSolution
		{92FA9C2D-EA6E-4B4C-9BAD-31B8FF322E07}.Debug|Any CPU.ActiveCfg = Debug|Any CPU
		{92FA9C2D-EA6E-4B4C-9BAD-31B8FF322E07}.Debug|Any CPU.Build.0 = Debug|Any CPU
		{92FA9C2D-EA6E-4B4C-9BAD-31B8FF322E07}.Release|Any CPU.ActiveCfg = Release|Any CPU
		{92FA9C2D-EA6E-4B4C-9BAD-31B8FF322E07}.Release|Any CPU.Build.0 = Release|Any CPU
	EndGlobalSection
	GlobalSection(SolutionProperties) = preSolution
		HideSolutionNode = FALSE
	EndGlobalSection
	GlobalSection(ExtensibilityGlobals) = postSolution
		SolutionGuid = {081E529F-8B1E-4BD6-A569-00667B9409D4}
	EndGlobalSection
EndGlobal
